
Microsoft Visual Studio Solution File, Format Version 12.00
# Visual Studio 15
VisualStudioVersion = 15.0.35213.121
MinimumVisualStudioVersion = 10.0.40219.1
Project("{F184B08F-C81C-45F6-A57F-5ABD9991F28F}") = "TouchTest", "TouchTest\TouchTest.vbproj", "{197B1B09-BAA7-4125-AEA3-441CF70675A9}"
EndProject
Project("{F184B08F-C81C-45F6-A57F-5ABD9991F28F}") = "UserController", "UserController\UserController.vbproj", "{052CF78D-5FBF-4716-B55D-D16D92140A18}"
EndProject
Global
	GlobalSection(SolutionConfigurationPlatforms) = preSolution
		Debug|Any CPU = Debug|Any CPU
		Release|Any CPU = Release|Any CPU
	EndGlobalSection
	GlobalSection(ProjectConfigurationPlatforms) = postSolution
		{197B1B09-BAA7-4125-AEA3-441CF70675A9}.Debug|Any CPU.ActiveCfg = Debug|Any CPU
		{197B1B09-BAA7-4125-AEA3-441CF70675A9}.Debug|Any CPU.Build.0 = Debug|Any CPU
		{197B1B09-BAA7-4125-AEA3-441CF70675A9}.Release|Any CPU.ActiveCfg = Release|Any CPU
		{197B1B09-BAA7-4125-AEA3-441CF70675A9}.Release|Any CPU.Build.0 = Release|Any CPU
		{052CF78D-5FBF-4716-B55D-D16D92140A18}.Debug|Any CPU.ActiveCfg = Debug|Any CPU
		{052CF78D-5FBF-4716-B55D-D16D92140A18}.Debug|Any CPU.Build.0 = Debug|Any CPU
		{052CF78D-5FBF-4716-B55D-D16D92140A18}.Release|Any CPU.ActiveCfg = Release|Any CPU
		{052CF78D-5FBF-4716-B55D-D16D92140A18}.Release|Any CPU.Build.0 = Release|Any CPU
	EndGlobalSection
	GlobalSection(SolutionProperties) = preSolution
		HideSolutionNode = FALSE
	EndGlobalSection
	GlobalSection(ExtensibilityGlobals) = postSolution
		SolutionGuid = {BAB24F9E-BBCC-4AB6-BECA-2C1F25388C34}
	EndGlobalSection
EndGlobal
